{
  "name": "p1",
  "version": "1.0.0",
  "lockfileVersion": 1,
  "requires": true,
  "dependencies": {
    "@jscad/modeling": {
      "version": "2.0.0-alpha.6",
      "resolved": "https://registry.npmjs.org/@jscad/modeling/-/modeling-2.0.0-alpha.6.tgz",
      "integrity": "sha512-zVMmw7B3C60evxmiWwhbjB+gK7OJPziH1yj49UgkoSli/hiOZnn2MbFTtVhMW/z4PL2ussmM/qfDZHSUfkH1Ow=="
    }
  }
}
