{
  "name": "box_quimera",
  "version": "1.0.0",
  "lockfileVersion": 2,
  "requires": true,
  "packages": {
    "": {
      "name": "box_quimera",
      "version": "1.0.0",
      "license": "ISC",
      "dependencies": {
        "@jscad/modeling": "^2.10.0",
        "sph_jscad_utils": "file:../sph_jscad_utils"
      }
    },
    "../sph_jscad_utils": {
      "version": "1.0.0",
      "license": "MIT",
      "dependencies": {
        "@jscad/modeling": "^2.0.0-alpha.6"
      },
      "devDependencies": {
        "chai": "^4.2.0",
        "mocha": "^8.2.0"
      }
    },
    "node_modules/@jscad/modeling": {
      "version": "2.10.0",
      "resolved": "https://registry.npmjs.org/@jscad/modeling/-/modeling-2.10.0.tgz",
      "integrity": "sha512-TguexofFDURrcPkZ1qjixjgCftt+YJfuvum8T83gg8cRXNtANaBkkkgs1Y2Kh8e/DJeZzfpi0V5cGJV2IvfS6g=="
    },
    "node_modules/sph_jscad_utils": {
      "resolved": "../sph_jscad_utils",
      "link": true
    }
  },
  "dependencies": {
    "@jscad/modeling": {
      "version": "2.10.0",
      "resolved": "https://registry.npmjs.org/@jscad/modeling/-/modeling-2.10.0.tgz",
      "integrity": "sha512-TguexofFDURrcPkZ1qjixjgCftt+YJfuvum8T83gg8cRXNtANaBkkkgs1Y2Kh8e/DJeZzfpi0V5cGJV2IvfS6g=="
    },
    "sph_jscad_utils": {
      "version": "file:../sph_jscad_utils",
      "requires": {
        "@jscad/modeling": "^2.0.0-alpha.6",
        "chai": "^4.2.0",
        "mocha": "^8.2.0"
      }
    }
  }
}
