{
  "name": "teste",
  "version": "1.0.0",
  "lockfileVersion": 2,
  "requires": true,
  "packages": {
    "": {
      "name": "teste",
      "version": "1.0.0",
      "license": "ISC",
      "dependencies": {
        "@jscad/modeling": "^2.9.5",
        "sph_jscad_utils": "file:../sph_jscad_utils"
      }
    },
    "../sph_jscad_utils": {
      "version": "1.0.0",
      "license": "MIT",
      "dependencies": {
        "@jscad/modeling": "^2.0.0-alpha.6"
      },
      "devDependencies": {
        "chai": "^4.2.0",
        "mocha": "^8.2.0"
      }
    },
    "node_modules/@jscad/modeling": {
      "version": "2.9.5",
      "resolved": "https://registry.npmjs.org/@jscad/modeling/-/modeling-2.9.5.tgz",
      "integrity": "sha512-mhdSVEr0XHyu3wDmZcAAYnhqKC+Xs9pri/T7j85QisiHet5BtOL36WOVsvbS+5cJbqHyuuQbZ0vSzAH1eYLf2g=="
    },
    "node_modules/sph_jscad_utils": {
      "resolved": "../sph_jscad_utils",
      "link": true
    }
  },
  "dependencies": {
    "@jscad/modeling": {
      "version": "2.9.5",
      "resolved": "https://registry.npmjs.org/@jscad/modeling/-/modeling-2.9.5.tgz",
      "integrity": "sha512-mhdSVEr0XHyu3wDmZcAAYnhqKC+Xs9pri/T7j85QisiHet5BtOL36WOVsvbS+5cJbqHyuuQbZ0vSzAH1eYLf2g=="
    },
    "sph_jscad_utils": {
      "version": "file:../sph_jscad_utils",
      "requires": {
        "@jscad/modeling": "^2.0.0-alpha.6",
        "chai": "^4.2.0",
        "mocha": "^8.2.0"
      }
    }
  }
}
