{
  "name": "cable_holder",
  "version": "1.0.0",
  "lockfileVersion": 2,
  "requires": true,
  "packages": {
    "": {
      "name": "cable_holder",
      "version": "1.0.0",
      "license": "ISC",
      "dependencies": {
        "@jscad/modeling": "^2.0.0-alpha.9",
        "sph_jscad_utils": "file:../sph_jscad_utils"
      }
    },
    "../sph_jscad_utils": {
      "version": "1.0.0",
      "license": "MIT",
      "dependencies": {
        "@jscad/modeling": "^2.0.0-alpha.6"
      },
      "devDependencies": {
        "chai": "^4.2.0",
        "mocha": "^8.2.0"
      }
    },
    "node_modules/@jscad/modeling": {
      "version": "2.0.0-alpha.9",
      "resolved": "https://registry.npmjs.org/@jscad/modeling/-/modeling-2.0.0-alpha.9.tgz",
      "integrity": "sha512-e29ouhi+TGddEQ//6q5GLMiBgdnluv2wTn9gTwUecuqolephtgtWU0p+W5z95t9mkd+g4mQQ4JuNGDWl0AhSEw=="
    },
    "node_modules/sph_jscad_utils": {
      "resolved": "../sph_jscad_utils",
      "link": true
    }
  },
  "dependencies": {
    "@jscad/modeling": {
      "version": "2.0.0-alpha.9",
      "resolved": "https://registry.npmjs.org/@jscad/modeling/-/modeling-2.0.0-alpha.9.tgz",
      "integrity": "sha512-e29ouhi+TGddEQ//6q5GLMiBgdnluv2wTn9gTwUecuqolephtgtWU0p+W5z95t9mkd+g4mQQ4JuNGDWl0AhSEw=="
    },
    "sph_jscad_utils": {
      "version": "file:../sph_jscad_utils",
      "requires": {
        "@jscad/modeling": "^2.0.0-alpha.6",
        "chai": "^4.2.0",
        "mocha": "^8.2.0"
      }
    }
  }
}
